// !$*UTF8*$!
{
	archiveVersion = 1;
	classes = {
	};
	objectVersion = 56;
	objects = {

/* Begin PBXBuildFile section */
		A379CC272B8E36B4005D9F8B /* AppDelegate.swift in Sources */ = {isa = PBXBuildFile; fileRef = A379CC262B8E36B4005D9F8B /* AppDelegate.swift */; };
		A379CC292B8E36B4005D9F8B /* SceneDelegate.swift in Sources */ = {isa = PBXBuildFile; fileRef = A379CC282B8E36B4005D9F8B /* SceneDelegate.swift */; };
		A379CC2B2B8E36B4005D9F8B /* BreathViewController.swift in Sources */ = {isa = PBXBuildFile; fileRef = A379CC2A2B8E36B4005D9F8B /* BreathViewController.swift */; };
		A379CC2E2B8E36B4005D9F8B /* Main.storyboard in Resources */ = {isa = PBXBuildFile; fileRef = A379CC2C2B8E36B4005D9F8B /* Main.storyboard */; };
		A379CC302B8E36B5005D9F8B /* Assets.xcassets in Resources */ = {isa = PBXBuildFile; fileRef = A379CC2F2B8E36B5005D9F8B /* Assets.xcassets */; };
		A379CC332B8E36B5005D9F8B /* LaunchScreen.storyboard in Resources */ = {isa = PBXBuildFile; fileRef = A379CC312B8E36B5005D9F8B /* LaunchScreen.storyboard */; };
		A379CC3D2B8F9323005D9F8B /* InitialViewController.swift in Sources */ = {isa = PBXBuildFile; fileRef = A379CC3C2B8F9323005D9F8B /* InitialViewController.swift */; };
		A379CC3F2B962EED005D9F8B /* QuoteController.swift in Sources */ = {isa = PBXBuildFile; fileRef = A379CC3E2B962EED005D9F8B /* QuoteController.swift */; };
		A379CC412B962F05005D9F8B /* Quote.swift in Sources */ = {isa = PBXBuildFile; fileRef = A379CC402B962F05005D9F8B /* Quote.swift */; };
/* End PBXBuildFile section */

/* Begin PBXFileReference section */
		A379CC232B8E36B4005D9F8B /* mindfulness.app */ = {isa = PBXFileReference; explicitFileType = wrapper.application; includeInIndex = 0; path = mindfulness.app; sourceTree = BUILT_PRODUCTS_DIR; };
		A379CC262B8E36B4005D9F8B /* AppDelegate.swift */ = {isa = PBXFileReference; lastKnownFileType = sourcecode.swift; path = AppDelegate.swift; sourceTree = "<group>"; };
		A379CC282B8E36B4005D9F8B /* SceneDelegate.swift */ = {isa = PBXFileReference; lastKnownFileType = sourcecode.swift; path = SceneDelegate.swift; sourceTree = "<group>"; };
		A379CC2A2B8E36B4005D9F8B /* BreathViewController.swift */ = {isa = PBXFileReference; lastKnownFileType = sourcecode.swift; path = BreathViewController.swift; sourceTree = "<group>"; };
		A379CC2D2B8E36B4005D9F8B /* Base */ = {isa = PBXFileReference; lastKnownFileType = file.storyboard; name = Base; path = Base.lproj/Main.storyboard; sourceTree = "<group>"; };
		A379CC2F2B8E36B5005D9F8B /* Assets.xcassets */ = {isa = PBXFileReference; lastKnownFileType = folder.assetcatalog; path = Assets.xcassets; sourceTree = "<group>"; };
		A379CC322B8E36B5005D9F8B /* Base */ = {isa = PBXFileReference; lastKnownFileType = file.storyboard; name = Base; path = Base.lproj/LaunchScreen.storyboard; sourceTree = "<group>"; };
		A379CC342B8E36B5005D9F8B /* Info.plist */ = {isa = PBXFileReference; lastKnownFileType = text.plist.xml; path = Info.plist; sourceTree = "<group>"; };
		A379CC3C2B8F9323005D9F8B /* InitialViewController.swift */ = {isa = PBXFileReference; lastKnownFileType = sourcecode.swift; path = InitialViewController.swift; sourceTree = "<group>"; };
		A379CC3E2B962EED005D9F8B /* QuoteController.swift */ = {isa = PBXFileReference; lastKnownFileType = sourcecode.swift; path = QuoteController.swift; sourceTree = "<group>"; };
		A379CC402B962F05005D9F8B /* Quote.swift */ = {isa = PBXFileReference; lastKnownFileType = sourcecode.swift; path = Quote.swift; sourceTree = "<group>"; };
/* End PBXFileReference section */

/* Begin PBXFrameworksBuildPhase section */
		A379CC202B8E36B4005D9F8B /* Frameworks */ = {
			isa = PBXFrameworksBuildPhase;
			buildActionMask = 2147483647;
			files = (
			);
			runOnlyForDeploymentPostprocessing = 0;
		};
/* End PBXFrameworksBuildPhase section */

/* Begin PBXGroup section */
		A379CC1A2B8E36B4005D9F8B = {
			isa = PBXGroup;
			children = (
				A379CC252B8E36B4005D9F8B /* mindfulness */,
				A379CC242B8E36B4005D9F8B /* Products */,
			);
			sourceTree = "<group>";
		};
		A379CC242B8E36B4005D9F8B /* Products */ = {
			isa = PBXGroup;
			children = (
				A379CC232B8E36B4005D9F8B /* mindfulness.app */,
			);
			name = Products;
			sourceTree = "<group>";
		};
		A379CC252B8E36B4005D9F8B /* mindfulness */ = {
			isa = PBXGroup;
			children = (
				A379CC262B8E36B4005D9F8B /* AppDelegate.swift */,
				A379CC282B8E36B4005D9F8B /* SceneDelegate.swift */,
				A379CC2A2B8E36B4005D9F8B /* BreathViewController.swift */,
				A379CC2C2B8E36B4005D9F8B /* Main.storyboard */,
				A379CC3C2B8F9323005D9F8B /* InitialViewController.swift */,
				A379CC2F2B8E36B5005D9F8B /* Assets.xcassets */,
				A379CC312B8E36B5005D9F8B /* LaunchScreen.storyboard */,
				A379CC342B8E36B5005D9F8B /* Info.plist */,
				A379CC3E2B962EED005D9F8B /* QuoteController.swift */,
				A379CC402B962F05005D9F8B /* Quote.swift */,
			);
			path = mindfulness;
			sourceTree = "<group>";
		};
/* End PBXGroup section */

/* Begin PBXNativeTarget section */
		A379CC222B8E36B4005D9F8B /* mindfulness */ = {
			isa = PBXNativeTarget;
			buildConfigurationList = A379CC372B8E36B5005D9F8B /* Build configuration list for PBXNativeTarget "mindfulness" */;
			buildPhases = (
				A379CC1F2B8E36B4005D9F8B /* Sources */,
				A379CC202B8E36B4005D9F8B /* Frameworks */,
				A379CC212B8E36B4005D9F8B /* Resources */,
			);
			buildRules = (
			);
			dependencies = (
			);
			name = mindfulness;
			productName = mindfulness;
			productReference = A379CC232B8E36B4005D9F8B /* mindfulness.app */;
			productType = "com.apple.product-type.application";
		};
/* End PBXNativeTarget section */

/* Begin PBXProject section */
		A379CC1B2B8E36B4005D9F8B /* Project object */ = {
			isa = PBXProject;
			attributes = {
				BuildIndependentTargetsInParallel = 1;
				LastSwiftUpdateCheck = 1500;
				LastUpgradeCheck = 1500;
				TargetAttributes = {
					A379CC222B8E36B4005D9F8B = {
						CreatedOnToolsVersion = 15.0.1;
					};
				};
			};
			buildConfigurationList = A379CC1E2B8E36B4005D9F8B /* Build configuration list for PBXProject "mindfulness" */;
			compatibilityVersion = "Xcode 14.0";
			developmentRegion = en;
			hasScannedForEncodings = 0;
			knownRegions = (
				en,
				Base,
			);
			mainGroup = A379CC1A2B8E36B4005D9F8B;
			productRefGroup = A379CC242B8E36B4005D9F8B /* Products */;
			projectDirPath = "";
			projectRoot = "";
			targets = (
				A379CC222B8E36B4005D9F8B /* mindfulness */,
			);
		};
/* End PBXProject section */

/* Begin PBXResourcesBuildPhase section */
		A379CC212B8E36B4005D9F8B /* Resources */ = {
			isa = PBXResourcesBuildPhase;
			buildActionMask = 2147483647;
			files = (
				A379CC332B8E36B5005D9F8B /* LaunchScreen.storyboard in Resources */,
				A379CC302B8E36B5005D9F8B /* Assets.xcassets in Resources */,
				A379CC2E2B8E36B4005D9F8B /* Main.storyboard in Resources */,
			);
			runOnlyForDeploymentPostprocessing = 0;
		};
/* End PBXResourcesBuildPhase section */

/* Begin PBXSourcesBuildPhase section */
		A379CC1F2B8E36B4005D9F8B /* Sources */ = {
			isa = PBXSourcesBuildPhase;
			buildActionMask = 2147483647;
			files = (
				A379CC3F2B962EED005D9F8B /* QuoteController.swift in Sources */,
				A379CC2B2B8E36B4005D9F8B /* BreathViewController.swift in Sources */,
				A379CC272B8E36B4005D9F8B /* AppDelegate.swift in Sources */,
				A379CC292B8E36B4005D9F8B /* SceneDelegate.swift in Sources */,
				A379CC412B962F05005D9F8B /* Quote.swift in Sources */,
				A379CC3D2B8F9323005D9F8B /* InitialViewController.swift in Sources */,
			);
			runOnlyForDeploymentPostprocessing = 0;
		};
/* End PBXSourcesBuildPhase section */

/* Begin PBXVariantGroup section */
		A379CC2C2B8E36B4005D9F8B /* Main.storyboard */ = {
			isa = PBXVariantGroup;
			children = (
				A379CC2D2B8E36B4005D9F8B /* Base */,
			);
			name = Main.storyboard;
			sourceTree = "<group>";
		};
		A379CC312B8E36B5005D9F8B /* LaunchScreen.storyboard */ = {
			isa = PBXVariantGroup;
			children = (
				A379CC322B8E36B5005D9F8B /* Base */,
			);
			name = LaunchScreen.storyboard;
			sourceTree = "<group>";
		};
/* End PBXVariantGroup section */

/* Begin XCBuildConfiguration section */
		A379CC352B8E36B5005D9F8B /* Debug */ = {
			isa = XCBuildConfiguration;
			buildSettings = {
				ALWAYS_SEARCH_USER_PATHS = NO;
				ASSETCATALOG_COMPILER_GENERATE_SWIFT_ASSET_SYMBOL_EXTENSIONS = YES;
				CLANG_ANALYZER_NONNULL = YES;
				CLANG_ANALYZER_NUMBER_OBJECT_CONVERSION = YES_AGGRESSIVE;
				CLANG_CXX_LANGUAGE_STANDARD = "gnu++20";
				CLANG_ENABLE_MODULES = YES;
				CLANG_ENABLE_OBJC_ARC = YES;
				CLANG_ENABLE_OBJC_WEAK = YES;
				CLANG_WARN_BLOCK_CAPTURE_AUTORELEASING = YES;
				CLANG_WARN_BOOL_CONVERSION = YES;
				CLANG_WARN_COMMA = YES;
				CLANG_WARN_CONSTANT_CONVERSION = YES;
				CLANG_WARN_DEPRECATED_OBJC_IMPLEMENTATIONS = YES;
				CLANG_WARN_DIRECT_OBJC_ISA_USAGE = YES_ERROR;
				CLANG_WARN_DOCUMENTATION_COMMENTS = YES;
				CLANG_WARN_EMPTY_BODY = YES;
				CLANG_WARN_ENUM_CONVERSION = YES;
				CLANG_WARN_INFINITE_RECURSION = YES;
				CLANG_WARN_INT_CONVERSION = YES;
				CLANG_WARN_NON_LITERAL_NULL_CONVERSION = YES;
				CLANG_WARN_OBJC_IMPLICIT_RETAIN_SELF = YES;
				CLANG_WARN_OBJC_LITERAL_CONVERSION = YES;
				CLANG_WARN_OBJC_ROOT_CLASS = YES_ERROR;
				CLANG_WARN_QUOTED_INCLUDE_IN_FRAMEWORK_HEADER = YES;
				CLANG_WARN_RANGE_LOOP_ANALYSIS = YES;
				CLANG_WARN_STRICT_PROTOTYPES = YES;
				CLANG_WARN_SUSPICIOUS_MOVE = YES;
				CLANG_WARN_UNGUARDED_AVAILABILITY = YES_AGGRESSIVE;
				CLANG_WARN_UNREACHABLE_CODE = YES;
				CLANG_WARN__DUPLICATE_METHOD_MATCH = YES;
				COPY_PHASE_STRIP = NO;
				DEBUG_INFORMATION_FORMAT = dwarf;
				ENABLE_STRICT_OBJC_MSGSEND = YES;
				ENABLE_TESTABILITY = YES;
				ENABLE_USER_SCRIPT_SANDBOXING = YES;
				GCC_C_LANGUAGE_STANDARD = gnu17;
				GCC_DYNAMIC_NO_PIC = NO;
				GCC_NO_COMMON_BLOCKS = YES;
				GCC_OPTIMIZATION_LEVEL = 0;
				GCC_PREPROCESSOR_DEFINITIONS = (
					"DEBUG=1",
					"$(inherited)",
				);
				GCC_WARN_64_TO_32_BIT_CONVERSION = YES;
				GCC_WARN_ABOUT_RETURN_TYPE = YES_ERROR;
				GCC_WARN_UNDECLARED_SELECTOR = YES;
				GCC_WARN_UNINITIALIZED_AUTOS = YES_AGGRESSIVE;
				GCC_WARN_UNUSED_FUNCTION = YES;
				GCC_WARN_UNUSED_VARIABLE = YES;
				IPHONEOS_DEPLOYMENT_TARGET = 17.0;
				LOCALIZATION_PREFERS_STRING_CATALOGS = YES;
				MTL_ENABLE_DEBUG_INFO = INCLUDE_SOURCE;
				MTL_FAST_MATH = YES;
				ONLY_ACTIVE_ARCH = YES;
				SDKROOT = iphoneos;
				SWIFT_ACTIVE_COMPILATION_CONDITIONS = "DEBUG $(inherited)";
				SWIFT_OPTIMIZATION_LEVEL = "-Onone";
			};
			name = Debug;
		};
		A379CC362B8E36B5005D9F8B /* Release */ = {
			isa = XCBuildConfiguration;
			buildSettings = {
				ALWAYS_SEARCH_USER_PATHS = NO;
				ASSETCATALOG_COMPILER_GENERATE_SWIFT_ASSET_SYMBOL_EXTENSIONS = YES;
				CLANG_ANALYZER_NONNULL = YES;
				CLANG_ANALYZER_NUMBER_OBJECT_CONVERSION = YES_AGGRESSIVE;
				CLANG_CXX_LANGUAGE_STANDARD = "gnu++20";
				CLANG_ENABLE_MODULES = YES;
				CLANG_ENABLE_OBJC_ARC = YES;
				CLANG_ENABLE_OBJC_WEAK = YES;
				CLANG_WARN_BLOCK_CAPTURE_AUTORELEASING = YES;
				CLANG_WARN_BOOL_CONVERSION = YES;
				CLANG_WARN_COMMA = YES;
				CLANG_WARN_CONSTANT_CONVERSION = YES;
				CLANG_WARN_DEPRECATED_OBJC_IMPLEMENTATIONS = YES;
				CLANG_WARN_DIRECT_OBJC_ISA_USAGE = YES_ERROR;
				CLANG_WARN_DOCUMENTATION_COMMENTS = YES;
				CLANG_WARN_EMPTY_BODY = YES;
				CLANG_WARN_ENUM_CONVERSION = YES;
				CLANG_WARN_INFINITE_RECURSION = YES;
				CLANG_WARN_INT_CONVERSION = YES;
				CLANG_WARN_NON_LITERAL_NULL_CONVERSION = YES;
				CLANG_WARN_OBJC_IMPLICIT_RETAIN_SELF = YES;
				CLANG_WARN_OBJC_LITERAL_CONVERSION = YES;
				CLANG_WARN_OBJC_ROOT_CLASS = YES_ERROR;
				CLANG_WARN_QUOTED_INCLUDE_IN_FRAMEWORK_HEADER = YES;
				CLANG_WARN_RANGE_LOOP_ANALYSIS = YES;
				CLANG_WARN_STRICT_PROTOTYPES = YES;
				CLANG_WARN_SUSPICIOUS_MOVE = YES;
				CLANG_WARN_UNGUARDED_AVAILABILITY = YES_AGGRESSIVE;
				CLANG_WARN_UNREACHABLE_CODE = YES;
				CLANG_WARN__DUPLICATE_METHOD_MATCH = YES;
				COPY_PHASE_STRIP = NO;
				DEBUG_INFORMATION_FORMAT = "dwarf-with-dsym";
				ENABLE_NS_ASSERTIONS = NO;
				ENABLE_STRICT_OBJC_MSGSEND = YES;
				ENABLE_USER_SCRIPT_SANDBOXING = YES;
				GCC_C_LANGUAGE_STANDARD = gnu17;
				GCC_NO_COMMON_BLOCKS = YES;
				GCC_WARN_64_TO_32_BIT_CONVERSION = YES;
				GCC_WARN_ABOUT_RETURN_TYPE = YES_ERROR;
				GCC_WARN_UNDECLARED_SELECTOR = YES;
				GCC_WARN_UNINITIALIZED_AUTOS = YES_AGGRESSIVE;
				GCC_WARN_UNUSED_FUNCTION = YES;
				GCC_WARN_UNUSED_VARIABLE = YES;
				IPHONEOS_DEPLOYMENT_TARGET = 17.0;
				LOCALIZATION_PREFERS_STRING_CATALOGS = YES;
				MTL_ENABLE_DEBUG_INFO = NO;
				MTL_FAST_MATH = YES;
				SDKROOT = iphoneos;
				SWIFT_COMPILATION_MODE = wholemodule;
				VALIDATE_PRODUCT = YES;
			};
			name = Release;
		};
		A379CC382B8E36B5005D9F8B /* Debug */ = {
			isa = XCBuildConfiguration;
			buildSettings = {
				ASSETCATALOG_COMPILER_APPICON_NAME = AppIcon;
				ASSETCATALOG_COMPILER_GLOBAL_ACCENT_COLOR_NAME = AccentColor;
				CODE_SIGN_STYLE = Automatic;
				CURRENT_PROJECT_VERSION = 1;
				DEVELOPMENT_TEAM = 675SH673K8;
				GENERATE_INFOPLIST_FILE = YES;
				INFOPLIST_FILE = mindfulness/Info.plist;
				INFOPLIST_KEY_UIApplicationSupportsIndirectInputEvents = YES;
				INFOPLIST_KEY_UILaunchStoryboardName = LaunchScreen;
				INFOPLIST_KEY_UIMainStoryboardFile = Main;
				INFOPLIST_KEY_UISupportedInterfaceOrientations_iPad = "UIInterfaceOrientationPortrait UIInterfaceOrientationPortraitUpsideDown UIInterfaceOrientationLandscapeLeft UIInterfaceOrientationLandscapeRight";
				INFOPLIST_KEY_UISupportedInterfaceOrientations_iPhone = "UIInterfaceOrientationPortrait UIInterfaceOrientationLandscapeLeft UIInterfaceOrientationLandscapeRight";
				LD_RUNPATH_SEARCH_PATHS = (
					"$(inherited)",
					"@executable_path/Frameworks",
				);
				MARKETING_VERSION = 1.0;
				PRODUCT_BUNDLE_IDENTIFIER = com.braydenlemke.mindfulness;
				PRODUCT_NAME = "$(TARGET_NAME)";
				SWIFT_EMIT_LOC_STRINGS = YES;
				SWIFT_VERSION = 5.0;
				TARGETED_DEVICE_FAMILY = "1,2";
			};
			name = Debug;
		};
		A379CC392B8E36B5005D9F8B /* Release */ = {
			isa = XCBuildConfiguration;
			buildSettings = {
				ASSETCATALOG_COMPILER_APPICON_NAME = AppIcon;
				ASSETCATALOG_COMPILER_GLOBAL_ACCENT_COLOR_NAME = AccentColor;
				CODE_SIGN_STYLE = Automatic;
				CURRENT_PROJECT_VERSION = 1;
				DEVELOPMENT_TEAM = 675SH673K8;
				GENERATE_INFOPLIST_FILE = YES;
				INFOPLIST_FILE = mindfulness/Info.plist;
				INFOPLIST_KEY_UIApplicationSupportsIndirectInputEvents = YES;
				INFOPLIST_KEY_UILaunchStoryboardName = LaunchScreen;
				INFOPLIST_KEY_UIMainStoryboardFile = Main;
				INFOPLIST_KEY_UISupportedInterfaceOrientations_iPad = "UIInterfaceOrientationPortrait UIInterfaceOrientationPortraitUpsideDown UIInterfaceOrientationLandscapeLeft UIInterfaceOrientationLandscapeRight";
				INFOPLIST_KEY_UISupportedInterfaceOrientations_iPhone = "UIInterfaceOrientationPortrait UIInterfaceOrientationLandscapeLeft UIInterfaceOrientationLandscapeRight";
				LD_RUNPATH_SEARCH_PATHS = (
					"$(inherited)",
					"@executable_path/Frameworks",
				);
				MARKETING_VERSION = 1.0;
				PRODUCT_BUNDLE_IDENTIFIER = com.braydenlemke.mindfulness;
				PRODUCT_NAME = "$(TARGET_NAME)";
				SWIFT_EMIT_LOC_STRINGS = YES;
				SWIFT_VERSION = 5.0;
				TARGETED_DEVICE_FAMILY = "1,2";
			};
			name = Release;
		};
/* End XCBuildConfiguration section */

/* Begin XCConfigurationList section */
		A379CC1E2B8E36B4005D9F8B /* Build configuration list for PBXProject "mindfulness" */ = {
			isa = XCConfigurationList;
			buildConfigurations = (
				A379CC352B8E36B5005D9F8B /* Debug */,
				A379CC362B8E36B5005D9F8B /* Release */,
			);
			defaultConfigurationIsVisible = 0;
			defaultConfigurationName = Release;
		};
		A379CC372B8E36B5005D9F8B /* Build configuration list for PBXNativeTarget "mindfulness" */ = {
			isa = XCConfigurationList;
			buildConfigurations = (
				A379CC382B8E36B5005D9F8B /* Debug */,
				A379CC392B8E36B5005D9F8B /* Release */,
			);
			defaultConfigurationIsVisible = 0;
			defaultConfigurationName = Release;
		};
/* End XCConfigurationList section */
	};
	rootObject = A379CC1B2B8E36B4005D9F8B /* Project object */;
}
